// !$*UTF8*$!
{
	archiveVersion = 1;
	classes = {
	};
	objectVersion = 45;
	objects = {

/* Begin PBXBuildFile section */
		1109BC311082F1B2006FFB4B /* QuartzCore.framework in Frameworks */ = {isa = PBXBuildFile; fileRef = 1109BC301082F1B2006FFB4B /* QuartzCore.framework */; };
		1109BCBE1082F1D4006FFB4B /* QuartzCore.framework in Frameworks */ = {isa = PBXBuildFile; fileRef = 1109BC301082F1B2006FFB4B /* QuartzCore.framework */; };
		1118AA4A10257DCE00C94460 /* location.png in Resources */ = {isa = PBXBuildFile; fileRef = 1118AA4910257DCE00C94460 /* location.png */; };
		111A141C1024C875002D39A1 /* CoreLocation.framework in Frameworks */ = {isa = PBXBuildFile; fileRef = 111A141B1024C875002D39A1 /* CoreLocation.framework */; };
		111A142C1024C8A6002D39A1 /* ARViewController.m in Sources */ = {isa = PBXBuildFile; fileRef = 111A142A1024C8A6002D39A1 /* ARViewController.m */; };
		112543AA1024DE590086106E /* ARCoordinate.m in Sources */ = {isa = PBXBuildFile; fileRef = 112543A91024DE590086106E /* ARCoordinate.m */; };
		11609B0B1026014F00A964C8 /* ARGeoViewController.m in Sources */ = {isa = PBXBuildFile; fileRef = 11609B0A1026014F00A964C8 /* ARGeoViewController.m */; };
		116DC887102933A200EB5A0A /* MapKit.framework in Frameworks */ = {isa = PBXBuildFile; fileRef = 116DC886102933A200EB5A0A /* MapKit.framework */; };
		1171B21F106EAD5700CC3630 /* UIKit.framework in Frameworks */ = {isa = PBXBuildFile; fileRef = 1DF5F4DF0D08C38300B7A737 /* UIKit.framework */; };
		1171B271106EAD5E00CC3630 /* Foundation.framework in Frameworks */ = {isa = PBXBuildFile; fileRef = 1D30AB110D05D00D00671497 /* Foundation.framework */; };
		1171B295106EAD6500CC3630 /* CoreGraphics.framework in Frameworks */ = {isa = PBXBuildFile; fileRef = 288765FC0DF74451002DB57D /* CoreGraphics.framework */; };
		1171B2A2106EAD6B00CC3630 /* CoreLocation.framework in Frameworks */ = {isa = PBXBuildFile; fileRef = 111A141B1024C875002D39A1 /* CoreLocation.framework */; };
		1171B2B0106EAD6F00CC3630 /* MapKit.framework in Frameworks */ = {isa = PBXBuildFile; fileRef = 116DC886102933A200EB5A0A /* MapKit.framework */; };
		1171B3DB106EE83500CC3630 /* ARCoordinate.m in Sources */ = {isa = PBXBuildFile; fileRef = 112543A91024DE590086106E /* ARCoordinate.m */; };
		1171B3DC106EE83500CC3630 /* ARViewController.m in Sources */ = {isa = PBXBuildFile; fileRef = 111A142A1024C8A6002D39A1 /* ARViewController.m */; };
		1171B3DD106EE83500CC3630 /* ARGeoCoordinate.m in Sources */ = {isa = PBXBuildFile; fileRef = CE169F571025704E00556F8F /* ARGeoCoordinate.m */; };
		1171B3DE106EE83500CC3630 /* ARGeoViewController.m in Sources */ = {isa = PBXBuildFile; fileRef = 11609B0A1026014F00A964C8 /* ARGeoViewController.m */; };
		1171B42C106EEB3600CC3630 /* LogicTests.m in Sources */ = {isa = PBXBuildFile; fileRef = 1171B42B106EEB3600CC3630 /* LogicTests.m */; };
		1D3623260D0F684500981E51 /* ARKitDemoAppDelegate.m in Sources */ = {isa = PBXBuildFile; fileRef = 1D3623250D0F684500981E51 /* ARKitDemoAppDelegate.m */; };
		1D60589B0D05DD56006BFB54 /* main.m in Sources */ = {isa = PBXBuildFile; fileRef = 29B97316FDCFA39411CA2CEA /* main.m */; };
		1D60589F0D05DD5A006BFB54 /* Foundation.framework in Frameworks */ = {isa = PBXBuildFile; fileRef = 1D30AB110D05D00D00671497 /* Foundation.framework */; };
		1DF5F4E00D08C38300B7A737 /* UIKit.framework in Frameworks */ = {isa = PBXBuildFile; fileRef = 1DF5F4DF0D08C38300B7A737 /* UIKit.framework */; };
		288765FD0DF74451002DB57D /* CoreGraphics.framework in Frameworks */ = {isa = PBXBuildFile; fileRef = 288765FC0DF74451002DB57D /* CoreGraphics.framework */; };
		28AD733F0D9D9553002E5188 /* MainWindow.xib in Resources */ = {isa = PBXBuildFile; fileRef = 28AD733E0D9D9553002E5188 /* MainWindow.xib */; };
		CE169F581025704E00556F8F /* ARGeoCoordinate.m in Sources */ = {isa = PBXBuildFile; fileRef = CE169F571025704E00556F8F /* ARGeoCoordinate.m */; };
/* End PBXBuildFile section */

/* Begin PBXFileReference section */
		1109BC301082F1B2006FFB4B /* QuartzCore.framework */ = {isa = PBXFileReference; lastKnownFileType = wrapper.framework; name = QuartzCore.framework; path = System/Library/Frameworks/QuartzCore.framework; sourceTree = SDKROOT; };
		1118AA4910257DCE00C94460 /* location.png */ = {isa = PBXFileReference; lastKnownFileType = image.png; path = location.png; sourceTree = "<group>"; };
		1119294A106E7C3D00D96627 /* UnitTests.octest */ = {isa = PBXFileReference; explicitFileType = wrapper.cfbundle; includeInIndex = 0; path = UnitTests.octest; sourceTree = BUILT_PRODUCTS_DIR; };
		111A141B1024C875002D39A1 /* CoreLocation.framework */ = {isa = PBXFileReference; lastKnownFileType = wrapper.framework; name = CoreLocation.framework; path = System/Library/Frameworks/CoreLocation.framework; sourceTree = SDKROOT; };
		111A142A1024C8A6002D39A1 /* ARViewController.m */ = {isa = PBXFileReference; fileEncoding = 4; lastKnownFileType = sourcecode.c.objc; path = ARViewController.m; sourceTree = "<group>"; };
		111A142B1024C8A6002D39A1 /* ARViewController.h */ = {isa = PBXFileReference; fileEncoding = 4; lastKnownFileType = sourcecode.c.h; path = ARViewController.h; sourceTree = "<group>"; };
		112543A81024DE590086106E /* ARCoordinate.h */ = {isa = PBXFileReference; fileEncoding = 4; lastKnownFileType = sourcecode.c.h; path = ARCoordinate.h; sourceTree = "<group>"; };
		112543A91024DE590086106E /* ARCoordinate.m */ = {isa = PBXFileReference; fileEncoding = 4; lastKnownFileType = sourcecode.c.objc; path = ARCoordinate.m; sourceTree = "<group>"; };
		11609B091026014F00A964C8 /* ARGeoViewController.h */ = {isa = PBXFileReference; fileEncoding = 4; lastKnownFileType = sourcecode.c.h; path = ARGeoViewController.h; sourceTree = "<group>"; };
		11609B0A1026014F00A964C8 /* ARGeoViewController.m */ = {isa = PBXFileReference; fileEncoding = 4; lastKnownFileType = sourcecode.c.objc; path = ARGeoViewController.m; sourceTree = "<group>"; };
		116DC886102933A200EB5A0A /* MapKit.framework */ = {isa = PBXFileReference; lastKnownFileType = wrapper.framework; name = MapKit.framework; path = System/Library/Frameworks/MapKit.framework; sourceTree = SDKROOT; };
		1171B42A106EEB3600CC3630 /* LogicTests.h */ = {isa = PBXFileReference; fileEncoding = 4; lastKnownFileType = sourcecode.c.h; path = LogicTests.h; sourceTree = "<group>"; };
		1171B42B106EEB3600CC3630 /* LogicTests.m */ = {isa = PBXFileReference; fileEncoding = 4; lastKnownFileType = sourcecode.c.objc; path = LogicTests.m; sourceTree = "<group>"; };
		1171B440106EEBDB00CC3630 /* UnitTests-Info.plist */ = {isa = PBXFileReference; fileEncoding = 4; lastKnownFileType = text.plist.xml; path = "UnitTests-Info.plist"; sourceTree = "<group>"; };
		1D30AB110D05D00D00671497 /* Foundation.framework */ = {isa = PBXFileReference; lastKnownFileType = wrapper.framework; name = Foundation.framework; path = System/Library/Frameworks/Foundation.framework; sourceTree = SDKROOT; };
		1D3623240D0F684500981E51 /* ARKitDemoAppDelegate.h */ = {isa = PBXFileReference; fileEncoding = 4; lastKnownFileType = sourcecode.c.h; path = ARKitDemoAppDelegate.h; sourceTree = "<group>"; };
		1D3623250D0F684500981E51 /* ARKitDemoAppDelegate.m */ = {isa = PBXFileReference; fileEncoding = 4; lastKnownFileType = sourcecode.c.objc; path = ARKitDemoAppDelegate.m; sourceTree = "<group>"; };
		1D6058910D05DD3D006BFB54 /* ARKitDemo.app */ = {isa = PBXFileReference; explicitFileType = wrapper.application; includeInIndex = 0; path = ARKitDemo.app; sourceTree = BUILT_PRODUCTS_DIR; };
		1DF5F4DF0D08C38300B7A737 /* UIKit.framework */ = {isa = PBXFileReference; lastKnownFileType = wrapper.framework; name = UIKit.framework; path = System/Library/Frameworks/UIKit.framework; sourceTree = SDKROOT; };
		288765FC0DF74451002DB57D /* CoreGraphics.framework */ = {isa = PBXFileReference; lastKnownFileType = wrapper.framework; name = CoreGraphics.framework; path = System/Library/Frameworks/CoreGraphics.framework; sourceTree = SDKROOT; };
		28AD733E0D9D9553002E5188 /* MainWindow.xib */ = {isa = PBXFileReference; lastKnownFileType = file.xib; path = MainWindow.xib; sourceTree = "<group>"; };
		29B97316FDCFA39411CA2CEA /* main.m */ = {isa = PBXFileReference; fileEncoding = 4; lastKnownFileType = sourcecode.c.objc; path = main.m; sourceTree = "<group>"; };
		32CA4F630368D1EE00C91783 /* ARKitDemo_Prefix.pch */ = {isa = PBXFileReference; fileEncoding = 4; lastKnownFileType = sourcecode.c.h; path = ARKitDemo_Prefix.pch; sourceTree = "<group>"; };
		8D1107310486CEB800E47090 /* ARKitDemo-Info.plist */ = {isa = PBXFileReference; fileEncoding = 4; lastKnownFileType = text.plist.xml; path = "ARKitDemo-Info.plist"; plistStructureDefinitionIdentifier = "com.apple.xcode.plist.structure-definition.iphone.info-plist"; sourceTree = "<group>"; };
		CE169F561025704E00556F8F /* ARGeoCoordinate.h */ = {isa = PBXFileReference; fileEncoding = 4; lastKnownFileType = sourcecode.c.h; path = ARGeoCoordinate.h; sourceTree = "<group>"; };
		CE169F571025704E00556F8F /* ARGeoCoordinate.m */ = {isa = PBXFileReference; fileEncoding = 4; lastKnownFileType = sourcecode.c.objc; path = ARGeoCoordinate.m; sourceTree = "<group>"; };
/* End PBXFileReference section */

/* Begin PBXFrameworksBuildPhase section */
		11192947106E7C3D00D96627 /* Frameworks */ = {
			isa = PBXFrameworksBuildPhase;
			buildActionMask = 2147483647;
			files = (
				1171B21F106EAD5700CC3630 /* UIKit.framework in Frameworks */,
				1171B271106EAD5E00CC3630 /* Foundation.framework in Frameworks */,
				1171B295106EAD6500CC3630 /* CoreGraphics.framework in Frameworks */,
				1171B2A2106EAD6B00CC3630 /* CoreLocation.framework in Frameworks */,
				1171B2B0106EAD6F00CC3630 /* MapKit.framework in Frameworks */,
				1109BCBE1082F1D4006FFB4B /* QuartzCore.framework in Frameworks */,
			);
			runOnlyForDeploymentPostprocessing = 0;
		};
		1D60588F0D05DD3D006BFB54 /* Frameworks */ = {
			isa = PBXFrameworksBuildPhase;
			buildActionMask = 2147483647;
			files = (
				1D60589F0D05DD5A006BFB54 /* Foundation.framework in Frameworks */,
				1DF5F4E00D08C38300B7A737 /* UIKit.framework in Frameworks */,
				288765FD0DF74451002DB57D /* CoreGraphics.framework in Frameworks */,
				111A141C1024C875002D39A1 /* CoreLocation.framework in Frameworks */,
				116DC887102933A200EB5A0A /* MapKit.framework in Frameworks */,
				1109BC311082F1B2006FFB4B /* QuartzCore.framework in Frameworks */,
			);
			runOnlyForDeploymentPostprocessing = 0;
		};
/* End PBXFrameworksBuildPhase section */

/* Begin PBXGroup section */
		080E96DDFE201D6D7F000001 /* Classes */ = {
			isa = PBXGroup;
			children = (
				1D3623240D0F684500981E51 /* ARKitDemoAppDelegate.h */,
				1D3623250D0F684500981E51 /* ARKitDemoAppDelegate.m */,
				111A142D1024C8AC002D39A1 /* ARKIt */,
			);
			path = Classes;
			sourceTree = "<group>";
		};
		11192950106E7C9F00D96627 /* Tests */ = {
			isa = PBXGroup;
			children = (
				1171B42A106EEB3600CC3630 /* LogicTests.h */,
				1171B42B106EEB3600CC3630 /* LogicTests.m */,
			);
			name = Tests;
			sourceTree = "<group>";
		};
		111A142D1024C8AC002D39A1 /* ARKIt */ = {
			isa = PBXGroup;
			children = (
				112543A81024DE590086106E /* ARCoordinate.h */,
				112543A91024DE590086106E /* ARCoordinate.m */,
				111A142B1024C8A6002D39A1 /* ARViewController.h */,
				111A142A1024C8A6002D39A1 /* ARViewController.m */,
				CE169F561025704E00556F8F /* ARGeoCoordinate.h */,
				CE169F571025704E00556F8F /* ARGeoCoordinate.m */,
				11609B091026014F00A964C8 /* ARGeoViewController.h */,
				11609B0A1026014F00A964C8 /* ARGeoViewController.m */,
			);
			name = ARKIt;
			sourceTree = "<group>";
		};
		19C28FACFE9D520D11CA2CBB /* Products */ = {
			isa = PBXGroup;
			children = (
				1D6058910D05DD3D006BFB54 /* ARKitDemo.app */,
				1119294A106E7C3D00D96627 /* UnitTests.octest */,
			);
			name = Products;
			sourceTree = "<group>";
		};
		29B97314FDCFA39411CA2CEA /* CustomTemplate */ = {
			isa = PBXGroup;
			children = (
				080E96DDFE201D6D7F000001 /* Classes */,
				29B97315FDCFA39411CA2CEA /* Other Sources */,
				11192950106E7C9F00D96627 /* Tests */,
				29B97317FDCFA39411CA2CEA /* Resources */,
				29B97323FDCFA39411CA2CEA /* Frameworks */,
				19C28FACFE9D520D11CA2CBB /* Products */,
			);
			name = CustomTemplate;
			sourceTree = "<group>";
		};
		29B97315FDCFA39411CA2CEA /* Other Sources */ = {
			isa = PBXGroup;
			children = (
				32CA4F630368D1EE00C91783 /* ARKitDemo_Prefix.pch */,
				29B97316FDCFA39411CA2CEA /* main.m */,
			);
			name = "Other Sources";
			sourceTree = "<group>";
		};
		29B97317FDCFA39411CA2CEA /* Resources */ = {
			isa = PBXGroup;
			children = (
				1118AA4910257DCE00C94460 /* location.png */,
				28AD733E0D9D9553002E5188 /* MainWindow.xib */,
				8D1107310486CEB800E47090 /* ARKitDemo-Info.plist */,
				1171B440106EEBDB00CC3630 /* UnitTests-Info.plist */,
			);
			name = Resources;
			sourceTree = "<group>";
		};
		29B97323FDCFA39411CA2CEA /* Frameworks */ = {
			isa = PBXGroup;
			children = (
				1109BC301082F1B2006FFB4B /* QuartzCore.framework */,
				116DC886102933A200EB5A0A /* MapKit.framework */,
				111A141B1024C875002D39A1 /* CoreLocation.framework */,
				1DF5F4DF0D08C38300B7A737 /* UIKit.framework */,
				1D30AB110D05D00D00671497 /* Foundation.framework */,
				288765FC0DF74451002DB57D /* CoreGraphics.framework */,
			);
			name = Frameworks;
			sourceTree = "<group>";
		};
/* End PBXGroup section */

/* Begin PBXNativeTarget section */
		11192949106E7C3D00D96627 /* UnitTests */ = {
			isa = PBXNativeTarget;
			buildConfigurationList = 1119294E106E7C3E00D96627 /* Build configuration list for PBXNativeTarget "UnitTests" */;
			buildPhases = (
				11192945106E7C3D00D96627 /* Resources */,
				11192946106E7C3D00D96627 /* Sources */,
				11192947106E7C3D00D96627 /* Frameworks */,
				11192948106E7C3D00D96627 /* ShellScript */,
			);
			buildRules = (
			);
			dependencies = (
			);
			name = UnitTests;
			productName = UnitTests;
			productReference = 1119294A106E7C3D00D96627 /* UnitTests.octest */;
			productType = "com.apple.product-type.bundle";
		};
		1D6058900D05DD3D006BFB54 /* ARKitDemo */ = {
			isa = PBXNativeTarget;
			buildConfigurationList = 1D6058960D05DD3E006BFB54 /* Build configuration list for PBXNativeTarget "ARKitDemo" */;
			buildPhases = (
				1D60588D0D05DD3D006BFB54 /* Resources */,
				1D60588E0D05DD3D006BFB54 /* Sources */,
				1D60588F0D05DD3D006BFB54 /* Frameworks */,
			);
			buildRules = (
			);
			dependencies = (
			);
			name = ARKitDemo;
			productName = ARKitDemo;
			productReference = 1D6058910D05DD3D006BFB54 /* ARKitDemo.app */;
			productType = "com.apple.product-type.application";
		};
/* End PBXNativeTarget section */

/* Begin PBXProject section */
		29B97313FDCFA39411CA2CEA /* Project object */ = {
			isa = PBXProject;
			attributes = {
				ORGANIZATIONNAME = "Zac White";
			};
			buildConfigurationList = C01FCF4E08A954540054247B /* Build configuration list for PBXProject "ARKitDemo" */;
			compatibilityVersion = "Xcode 3.1";
			hasScannedForEncodings = 1;
			mainGroup = 29B97314FDCFA39411CA2CEA /* CustomTemplate */;
			projectDirPath = "";
			projectRoot = "";
			targets = (
				1D6058900D05DD3D006BFB54 /* ARKitDemo */,
				11192949106E7C3D00D96627 /* UnitTests */,
			);
		};
/* End PBXProject section */

/* Begin PBXResourcesBuildPhase section */
		11192945106E7C3D00D96627 /* Resources */ = {
			isa = PBXResourcesBuildPhase;
			buildActionMask = 2147483647;
			files = (
			);
			runOnlyForDeploymentPostprocessing = 0;
		};
		1D60588D0D05DD3D006BFB54 /* Resources */ = {
			isa = PBXResourcesBuildPhase;
			buildActionMask = 2147483647;
			files = (
				28AD733F0D9D9553002E5188 /* MainWindow.xib in Resources */,
				1118AA4A10257DCE00C94460 /* location.png in Resources */,
			);
			runOnlyForDeploymentPostprocessing = 0;
		};
/* End PBXResourcesBuildPhase section */

/* Begin PBXShellScriptBuildPhase section */
		11192948106E7C3D00D96627 /* ShellScript */ = {
			isa = PBXShellScriptBuildPhase;
			buildActionMask = 2147483647;
			files = (
			);
			inputPaths = (
			);
			outputPaths = (
			);
			runOnlyForDeploymentPostprocessing = 0;
			shellPath = /bin/sh;
			shellScript = "# Run the unit tests in this test bundle.\n\"${SYSTEM_DEVELOPER_DIR}/Tools/RunUnitTests\"\n";
		};
/* End PBXShellScriptBuildPhase section */

/* Begin PBXSourcesBuildPhase section */
		11192946106E7C3D00D96627 /* Sources */ = {
			isa = PBXSourcesBuildPhase;
			buildActionMask = 2147483647;
			files = (
				1171B3DB106EE83500CC3630 /* ARCoordinate.m in Sources */,
				1171B3DC106EE83500CC3630 /* ARViewController.m in Sources */,
				1171B3DD106EE83500CC3630 /* ARGeoCoordinate.m in Sources */,
				1171B3DE106EE83500CC3630 /* ARGeoViewController.m in Sources */,
				1171B42C106EEB3600CC3630 /* LogicTests.m in Sources */,
			);
			runOnlyForDeploymentPostprocessing = 0;
		};
		1D60588E0D05DD3D006BFB54 /* Sources */ = {
			isa = PBXSourcesBuildPhase;
			buildActionMask = 2147483647;
			files = (
				1D60589B0D05DD56006BFB54 /* main.m in Sources */,
				1D3623260D0F684500981E51 /* ARKitDemoAppDelegate.m in Sources */,
				111A142C1024C8A6002D39A1 /* ARViewController.m in Sources */,
				112543AA1024DE590086106E /* ARCoordinate.m in Sources */,
				CE169F581025704E00556F8F /* ARGeoCoordinate.m in Sources */,
				11609B0B1026014F00A964C8 /* ARGeoViewController.m in Sources */,
			);
			runOnlyForDeploymentPostprocessing = 0;
		};
/* End PBXSourcesBuildPhase section */

/* Begin XCBuildConfiguration section */
		1119294C106E7C3E00D96627 /* Debug */ = {
			isa = XCBuildConfiguration;
			buildSettings = {
				ALWAYS_SEARCH_USER_PATHS = NO;
				COPY_PHASE_STRIP = NO;
				FRAMEWORK_SEARCH_PATHS = (
					"\"$(SDKROOT)/Developer/Library/Frameworks\"",
					"\"$(DEVELOPER_LIBRARY_DIR)/Frameworks\"",
				);
				GCC_DYNAMIC_NO_PIC = NO;
				GCC_ENABLE_FIX_AND_CONTINUE = NO;
				GCC_ENABLE_OBJC_EXCEPTIONS = YES;
				GCC_OPTIMIZATION_LEVEL = 0;
				INFOPLIST_FILE = "UnitTests-Info.plist";
				OTHER_LDFLAGS = (
					"-framework",
					Foundation,
					"-framework",
					SenTestingKit,
					"-framework",
					UIKit,
				);
				PREBINDING = NO;
				PRODUCT_NAME = UnitTests;
				WRAPPER_EXTENSION = octest;
			};
			name = Debug;
		};
		1119294D106E7C3E00D96627 /* Release */ = {
			isa = XCBuildConfiguration;
			buildSettings = {
				ALWAYS_SEARCH_USER_PATHS = NO;
				COPY_PHASE_STRIP = YES;
				DEBUG_INFORMATION_FORMAT = "dwarf-with-dsym";
				FRAMEWORK_SEARCH_PATHS = (
					"\"$(SDKROOT)/Developer/Library/Frameworks\"",
					"\"$(DEVELOPER_LIBRARY_DIR)/Frameworks\"",
				);
				GCC_ENABLE_FIX_AND_CONTINUE = NO;
				GCC_ENABLE_OBJC_EXCEPTIONS = YES;
				INFOPLIST_FILE = "UnitTests-Info.plist";
				OTHER_LDFLAGS = (
					"-framework",
					Foundation,
					"-framework",
					SenTestingKit,
					"-framework",
					UIKit,
				);
				PREBINDING = NO;
				PRODUCT_NAME = UnitTests;
				WRAPPER_EXTENSION = octest;
				ZERO_LINK = NO;
			};
			name = Release;
		};
		1D6058940D05DD3E006BFB54 /* Debug */ = {
			isa = XCBuildConfiguration;
			buildSettings = {
				ALWAYS_SEARCH_USER_PATHS = NO;
				COPY_PHASE_STRIP = NO;
				GCC_DYNAMIC_NO_PIC = NO;
				GCC_OPTIMIZATION_LEVEL = 0;
				GCC_PRECOMPILE_PREFIX_HEADER = YES;
				GCC_PREFIX_HEADER = ARKitDemo_Prefix.pch;
				INFOPLIST_FILE = "ARKitDemo-Info.plist";
				PRODUCT_NAME = ARKitDemo;
			};
			name = Debug;
		};
		1D6058950D05DD3E006BFB54 /* Release */ = {
			isa = XCBuildConfiguration;
			buildSettings = {
				ALWAYS_SEARCH_USER_PATHS = NO;
				COPY_PHASE_STRIP = YES;
				GCC_PRECOMPILE_PREFIX_HEADER = YES;
				GCC_PREFIX_HEADER = ARKitDemo_Prefix.pch;
				INFOPLIST_FILE = "ARKitDemo-Info.plist";
				PRODUCT_NAME = ARKitDemo;
			};
			name = Release;
		};
		C01FCF4F08A954540054247B /* Debug */ = {
			isa = XCBuildConfiguration;
			buildSettings = {
				ARCHS = "$(ARCHS_STANDARD_32_BIT)";
				"CODE_SIGN_IDENTITY[sdk=iphoneos*]" = "iPhone Developer";
				GCC_C_LANGUAGE_STANDARD = c99;
				GCC_WARN_ABOUT_RETURN_TYPE = YES;
				GCC_WARN_UNUSED_VARIABLE = YES;
				PREBINDING = NO;
				SDKROOT = iphoneos3.1;
			};
			name = Debug;
		};
		C01FCF5008A954540054247B /* Release */ = {
			isa = XCBuildConfiguration;
			buildSettings = {
				ARCHS = "$(ARCHS_STANDARD_32_BIT)";
				"CODE_SIGN_IDENTITY[sdk=iphoneos*]" = "iPhone Developer";
				GCC_C_LANGUAGE_STANDARD = c99;
				GCC_WARN_ABOUT_RETURN_TYPE = YES;
				GCC_WARN_UNUSED_VARIABLE = YES;
				PREBINDING = NO;
				SDKROOT = iphoneos3.1;
			};
			name = Release;
		};
/* End XCBuildConfiguration section */

/* Begin XCConfigurationList section */
		1119294E106E7C3E00D96627 /* Build configuration list for PBXNativeTarget "UnitTests" */ = {
			isa = XCConfigurationList;
			buildConfigurations = (
				1119294C106E7C3E00D96627 /* Debug */,
				1119294D106E7C3E00D96627 /* Release */,
			);
			defaultConfigurationIsVisible = 0;
			defaultConfigurationName = Release;
		};
		1D6058960D05DD3E006BFB54 /* Build configuration list for PBXNativeTarget "ARKitDemo" */ = {
			isa = XCConfigurationList;
			buildConfigurations = (
				1D6058940D05DD3E006BFB54 /* Debug */,
				1D6058950D05DD3E006BFB54 /* Release */,
			);
			defaultConfigurationIsVisible = 0;
			defaultConfigurationName = Release;
		};
		C01FCF4E08A954540054247B /* Build configuration list for PBXProject "ARKitDemo" */ = {
			isa = XCConfigurationList;
			buildConfigurations = (
				C01FCF4F08A954540054247B /* Debug */,
				C01FCF5008A954540054247B /* Release */,
			);
			defaultConfigurationIsVisible = 0;
			defaultConfigurationName = Release;
		};
/* End XCConfigurationList section */
	};
	rootObject = 29B97313FDCFA39411CA2CEA /* Project object */;
}
